
Microsoft Visual Studio Solution File, Format Version 12.00
# Visual Studio Version 16
VisualStudioVersion = 16.0.30804.86
MinimumVisualStudioVersion = 10.0.40219.1
Project("{9A19103F-16F7-4668-BE54-9A1E7A4F7556}") = "LICENTA5", "LICENTA5\LICENTA5.csproj", "{1CDE9222-A067-4C77-A845-2B46B60CC48C}"
EndProject
Global
	GlobalSection(SolutionConfigurationPlatforms) = preSolution
		Debug|Any CPU = Debug|Any CPU
		Debug|x64 = Debug|x64
		Release|Any CPU = Release|Any CPU
		Release|x64 = Release|x64
	EndGlobalSection
	GlobalSection(ProjectConfigurationPlatforms) = postSolution
		{1CDE9222-A067-4C77-A845-2B46B60CC48C}.Debug|Any CPU.ActiveCfg = Debug|Any CPU
		{1CDE9222-A067-4C77-A845-2B46B60CC48C}.Debug|Any CPU.Build.0 = Debug|Any CPU
		{1CDE9222-A067-4C77-A845-2B46B60CC48C}.Debug|x64.ActiveCfg = Debug|x64
		{1CDE9222-A067-4C77-A845-2B46B60CC48C}.Debug|x64.Build.0 = Debug|x64
		{1CDE9222-A067-4C77-A845-2B46B60CC48C}.Release|Any CPU.ActiveCfg = Release|Any CPU
		{1CDE9222-A067-4C77-A845-2B46B60CC48C}.Release|Any CPU.Build.0 = Release|Any CPU
		{1CDE9222-A067-4C77-A845-2B46B60CC48C}.Release|x64.ActiveCfg = Release|x64
		{1CDE9222-A067-4C77-A845-2B46B60CC48C}.Release|x64.Build.0 = Release|x64
	EndGlobalSection
	GlobalSection(SolutionProperties) = preSolution
		HideSolutionNode = FALSE
	EndGlobalSection
	GlobalSection(ExtensibilityGlobals) = postSolution
		SolutionGuid = {A940FB4F-4B03-4EF7-9D80-AA593A91305E}
	EndGlobalSection
EndGlobal
